
Microsoft Visual Studio Solution File, Format Version 12.00
# Visual Studio Version 16
VisualStudioVersion = 25.0.1704.0
MinimumVisualStudioVersion = 10.0.40219.1
Project("{FAE04EC0-301F-11D3-BF4B-00C04F79EFBC}") = "Galery", "Galery\Galery.csproj", "{1F6B832E-E8FF-414C-88A2-256DC49CA33C}"
EndProject
Project("{2150E333-8FDC-42A3-9474-1A3956D46DE8}") = "Solution Items", "Solution Items", "{00DCA548-8B69-4FFE-A62F-149B26712A50}"
	ProjectSection(SolutionItems) = preProject
		.editorconfig = .editorconfig
	EndProjectSection
EndProject
Global
	GlobalSection(SolutionConfigurationPlatforms) = preSolution
		Debug|Any CPU = Debug|Any CPU
		Release|Any CPU = Release|Any CPU
	EndGlobalSection
	GlobalSection(ProjectConfigurationPlatforms) = postSolution
		{1F6B832E-E8FF-414C-88A2-256DC49CA33C}.Debug|Any CPU.ActiveCfg = Debug|Any CPU
		{1F6B832E-E8FF-414C-88A2-256DC49CA33C}.Debug|Any CPU.Build.0 = Debug|Any CPU
		{1F6B832E-E8FF-414C-88A2-256DC49CA33C}.Release|Any CPU.ActiveCfg = Release|Any CPU
		{1F6B832E-E8FF-414C-88A2-256DC49CA33C}.Release|Any CPU.Build.0 = Release|Any CPU
	EndGlobalSection
	GlobalSection(SolutionProperties) = preSolution
		HideSolutionNode = FALSE
	EndGlobalSection
	GlobalSection(ExtensibilityGlobals) = postSolution
		SolutionGuid = {4EE73C22-841E-493C-9F9F-AA8F7FBB11DB}
	EndGlobalSection
EndGlobal
